
Microsoft Visual Studio Solution File, Format Version 11.00
# Visual C# Express 2010
Project("{FAE04EC0-301F-11D3-BF4B-00C04F79EFBC}") = "Tile Engine", "Tile Engine\Tile Engine\Tile Engine.csproj", "{E11FBF3C-9DAC-4321-9696-A2192E4CBADB}"
EndProject
Project("{96E2B04D-8817-42C6-938A-82C39BA4D311}") = "Tile EngineContent", "Tile Engine\Tile EngineContent\Tile EngineContent.contentproj", "{F950A873-845B-475D-958C-9453102A7BB4}"
EndProject
Global
	GlobalSection(SolutionConfigurationPlatforms) = preSolution
		Debug|x86 = Debug|x86
		Release|x86 = Release|x86
	EndGlobalSection
	GlobalSection(ProjectConfigurationPlatforms) = postSolution
		{E11FBF3C-9DAC-4321-9696-A2192E4CBADB}.Debug|x86.ActiveCfg = Debug|x86
		{E11FBF3C-9DAC-4321-9696-A2192E4CBADB}.Debug|x86.Build.0 = Debug|x86
		{E11FBF3C-9DAC-4321-9696-A2192E4CBADB}.Release|x86.ActiveCfg = Release|x86
		{E11FBF3C-9DAC-4321-9696-A2192E4CBADB}.Release|x86.Build.0 = Release|x86
		{F950A873-845B-475D-958C-9453102A7BB4}.Debug|x86.ActiveCfg = Debug|x86
		{F950A873-845B-475D-958C-9453102A7BB4}.Release|x86.ActiveCfg = Release|x86
	EndGlobalSection
	GlobalSection(SolutionProperties) = preSolution
		HideSolutionNode = FALSE
	EndGlobalSection
EndGlobal
